# THIS IS AN AUTOGENERATED FILE. DO NOT EDIT THIS FILE DIRECTLY.
# yarn lockfile v1


ambi@^2.4.0:
  version "2.5.0"
  resolved "https://registry.yarnpkg.com/ambi/-/ambi-2.5.0.tgz#7c8e372be48891157e7cea01cb6f9143d1f74220"
  integrity sha1-fI43K+SIkRV+fOoBy2+RQ9H3QiA=
  dependencies:
    editions "^1.1.1"
    typechecker "^4.3.0"

ci-info@^1.5.0:
  version "1.6.0"
  resolved "https://registry.yarnpkg.com/ci-info/-/ci-info-1.6.0.tgz#2ca20dbb9ceb32d4524a683303313f0304b1e497"
  integrity sha512-vsGdkwSCDpWmP80ncATX7iea5DWQemg1UgCW5J8tqjU3lYw4FBYuj89J0CTVomA7BEfvSZd84GmHko+MxFQU2A==

crypto-json@^2.0.0:
  version "2.0.2"
  resolved "https://registry.yarnpkg.com/crypto-json/-/crypto-json-2.0.2.tgz#bd961e362ac8ab82d06374207e1aead52ed0e56f"
  integrity sha512-LRLJyAqG58g9cnm9S190ftyz3wq9YwDQVOqYcjuess1gQ+kwm46qzwd9hWzKgCxhZ1ScIP9SVPq0KY1AMWkqwQ==

eachr@^3.1.0:
  version "3.2.0"
  resolved "https://registry.yarnpkg.com/eachr/-/eachr-3.2.0.tgz#2c35e43ea086516f7997cf80b7aa64d55a4a4484"
  integrity sha1-LDXkPqCGUW95l8+At6pk1VpKRIQ=
  dependencies:
    editions "^1.1.1"
    typechecker "^4.3.0"

editions@^1.1.1, editions@^1.3.3, editions@^1.3.4:
  version "1.3.4"
  resolved "https://registry.yarnpkg.com/editions/-/editions-1.3.4.tgz#3662cb592347c3168eb8e498a0ff73271d67f50b"
  integrity sha512-gzao+mxnYDzIysXKMQi/+M1mjy/rjestjg6OPoYTtI+3Izp23oiGZitsl9lPDPiTGXbcSIk1iJWhliSaglxnUg==

editions@^2.0.2:
  version "2.0.2"
  resolved "https://registry.yarnpkg.com/editions/-/editions-2.0.2.tgz#54fdac6fb24b0a1a72ffc1ba0126c10602c3e0bd"
  integrity sha512-0B8aSTWUu9+JW99zHoeogavCi+lkE5l35FK0OKe0pCobixJYoeof3ZujtqYzSsU2MskhRadY5V9oWUuyG4aJ3A==
  dependencies:
    errlop "^1.0.2"
    semver "^5.5.0"

envfile@^2.3.0:
  version "2.3.0"
  resolved "https://registry.yarnpkg.com/envfile/-/envfile-2.3.0.tgz#0ced8f8846e45e2868623c54ecfe3d1914b1e3f4"
  integrity sha512-xcwno0xGhSVhgBfFx9SxwYd6FNfTdq8SMFjrQ4FYsxYUNQMPJTXn7dERrX439F1V4Ukk9x/nL/5GcNZaIVUT7g==
  dependencies:
    ambi "^2.4.0"
    eachr "^3.1.0"
    editions "^1.3.3"
    typechecker "^4.0.1"

errlop@^1.0.2:
  version "1.0.3"
  resolved "https://registry.yarnpkg.com/errlop/-/errlop-1.0.3.tgz#dba29c90cf832c3d2ce469fe515d7e5eef2c6676"
  integrity sha512-5VTnt0yikY4LlQEfCXVSqfE6oLj1HVM4zVSvAKMnoYjL/zrb6nqiLowZS4XlG7xENfyj7lpYWvT+wfSCr6dtlA==
  dependencies:
    editions "^1.3.4"

husky@^0.14.3:
  version "0.14.3"
  resolved "https://registry.yarnpkg.com/husky/-/husky-0.14.3.tgz#c69ed74e2d2779769a17ba8399b54ce0b63c12c3"
  integrity sha512-e21wivqHpstpoiWA/Yi8eFti8E+sQDSS53cpJsPptPs295QTOQR0ZwnHo2TXy1XOpZFD9rPOd3NpmqTK6uMLJA==
  dependencies:
    is-ci "^1.0.10"
    normalize-path "^1.0.0"
    strip-indent "^2.0.0"

is-ci@^1.0.10:
  version "1.2.1"
  resolved "https://registry.yarnpkg.com/is-ci/-/is-ci-1.2.1.tgz#e3779c8ee17fccf428488f6e281187f2e632841c"
  integrity sha512-s6tfsaQaQi3JNciBH6shVqEDvhGut0SUXr31ag8Pd8BBbVVlcGfWhpPmEOoM6RJ5TFhbypvf5yyRw/VXW1IiWg==
  dependencies:
    ci-info "^1.5.0"

json@^9.0.6:
  version "9.0.6"
  resolved "https://registry.yarnpkg.com/json/-/json-9.0.6.tgz#7972c2a5a48a42678db2730c7c2c4ee6e4e24585"
  integrity sha1-eXLCpaSKQmeNsnMMfCxO5uTiRYU=

minimist@^1.2.0:
  version "1.2.0"
  resolved "https://registry.yarnpkg.com/minimist/-/minimist-1.2.0.tgz#a35008b20f41383eec1fb914f4cd5df79a264284"
  integrity sha1-o1AIsg9BOD7sH7kU9M1d95omQoQ=

normalize-path@^1.0.0:
  version "1.0.0"
  resolved "https://registry.yarnpkg.com/normalize-path/-/normalize-path-1.0.0.tgz#32d0e472f91ff345701c15a8311018d3b0a90379"
  integrity sha1-MtDkcvkf80VwHBWoMRAY07CpA3k=

secure-env@^1.0.0:
  version "1.0.0"
  resolved "https://registry.yarnpkg.com/secure-env/-/secure-env-1.0.0.tgz#c924b20d55dedf1fe79aefc8ca468fc31fe62df3"
  integrity sha512-UzFDwa32C1SjHDxI3+I+Z7tC98eD2MBo05ejSYnNiMjYVljdZT/Otx962lCY14pKtSreB8NoyMUAxQnyqexWGQ==
  dependencies:
    minimist "^1.2.0"

semver@^5.5.0:
  version "5.6.0"
  resolved "https://registry.yarnpkg.com/semver/-/semver-5.6.0.tgz#7e74256fbaa49c75aa7c7a205cc22799cac80004"
  integrity sha512-RS9R6R35NYgQn++fkDWaOmqGoj4Ek9gGs+DPxNUZKuwE183xjJroKvyo1IzVFeXvUrvmALy6FWD5xrdJT25gMg==

strip-indent@^2.0.0:
  version "2.0.0"
  resolved "https://registry.yarnpkg.com/strip-indent/-/strip-indent-2.0.0.tgz#5ef8db295d01e6ed6cbf7aab96998d7822527b68"
  integrity sha1-XvjbKV0B5u1sv3qrlpmNeCJSe2g=

typechecker@^4.0.1, typechecker@^4.3.0:
  version "4.6.0"
  resolved "https://registry.yarnpkg.com/typechecker/-/typechecker-4.6.0.tgz#d245d9c2df21147d5e2a942fff170b68ece73c87"
  integrity sha512-83OrXpyP3LNr7aRbLkt2nkjE/d7q8su8/uRvrKxCpswqVCVGOgyaKpaz8/MTjQqBYe4eLNuJ44pNakFZKqyPMA==
  dependencies:
    editions "^2.0.2"
